
Microsoft Visual Studio Solution File, Format Version 12.00
# Visual Studio Version 16
VisualStudioVersion = 16.0.31313.79
MinimumVisualStudioVersion = 10.0.40219.1
Project("{FAE04EC0-301F-11D3-BF4B-00C04F79EFBC}") = "ValidMountainArray", "ValidMountainArray\ValidMountainArray.csproj", "{77D71B46-FAFE-4D20-AE92-F2AEDA70C208}"
EndProject
Global
	GlobalSection(SolutionConfigurationPlatforms) = preSolution
		Debug|Any CPU = Debug|Any CPU
		Release|Any CPU = Release|Any CPU
	EndGlobalSection
	GlobalSection(ProjectConfigurationPlatforms) = postSolution
		{77D71B46-FAFE-4D20-AE92-F2AEDA70C208}.Debug|Any CPU.ActiveCfg = Debug|Any CPU
		{77D71B46-FAFE-4D20-AE92-F2AEDA70C208}.Debug|Any CPU.Build.0 = Debug|Any CPU
		{77D71B46-FAFE-4D20-AE92-F2AEDA70C208}.Release|Any CPU.ActiveCfg = Release|Any CPU
		{77D71B46-FAFE-4D20-AE92-F2AEDA70C208}.Release|Any CPU.Build.0 = Release|Any CPU
	EndGlobalSection
	GlobalSection(SolutionProperties) = preSolution
		HideSolutionNode = FALSE
	EndGlobalSection
	GlobalSection(ExtensibilityGlobals) = postSolution
		SolutionGuid = {6ED99E53-7FDE-4D84-A5B7-36773603432A}
	EndGlobalSection
EndGlobal
